
Microsoft Visual Studio Solution File, Format Version 12.00
# Visual Studio Version 17
VisualStudioVersion = 17.7.34018.315
MinimumVisualStudioVersion = 10.0.40219.1
Project("{FAE04EC0-301F-11D3-BF4B-00C04F79EFBC}") = "Serbina12", "Serbina12\Serbina12.csproj", "{986D5016-EEF1-4577-96E6-DA452AD365A0}"
EndProject
Global
	GlobalSection(SolutionConfigurationPlatforms) = preSolution
		Debug|Any CPU = Debug|Any CPU
		Release|Any CPU = Release|Any CPU
	EndGlobalSection
	GlobalSection(ProjectConfigurationPlatforms) = postSolution
		{986D5016-EEF1-4577-96E6-DA452AD365A0}.Debug|Any CPU.ActiveCfg = Debug|Any CPU
		{986D5016-EEF1-4577-96E6-DA452AD365A0}.Debug|Any CPU.Build.0 = Debug|Any CPU
		{986D5016-EEF1-4577-96E6-DA452AD365A0}.Release|Any CPU.ActiveCfg = Release|Any CPU
		{986D5016-EEF1-4577-96E6-DA452AD365A0}.Release|Any CPU.Build.0 = Release|Any CPU
	EndGlobalSection
	GlobalSection(SolutionProperties) = preSolution
		HideSolutionNode = FALSE
	EndGlobalSection
	GlobalSection(ExtensibilityGlobals) = postSolution
		SolutionGuid = {94836446-870B-4D16-8826-802D3F9FB5F7}
	EndGlobalSection
EndGlobal
